
Microsoft Visual Studio Solution File, Format Version 12.00
# Visual Studio Version 17
VisualStudioVersion = 17.3.32901.215
MinimumVisualStudioVersion = 10.0.40219.1
Project("{FAE04EC0-301F-11D3-BF4B-00C04F79EFBC}") = "Помилуйте. 1 комп. практикум", "Помилуйте. 1 комп. практикум.csproj", "{23D932F7-A8F0-40B6-9860-737D377C332E}"
EndProject
Global
	GlobalSection(SolutionConfigurationPlatforms) = preSolution
		Debug|Any CPU = Debug|Any CPU
		Release|Any CPU = Release|Any CPU
	EndGlobalSection
	GlobalSection(ProjectConfigurationPlatforms) = postSolution
		{23D932F7-A8F0-40B6-9860-737D377C332E}.Debug|Any CPU.ActiveCfg = Debug|Any CPU
		{23D932F7-A8F0-40B6-9860-737D377C332E}.Debug|Any CPU.Build.0 = Debug|Any CPU
		{23D932F7-A8F0-40B6-9860-737D377C332E}.Release|Any CPU.ActiveCfg = Release|Any CPU
		{23D932F7-A8F0-40B6-9860-737D377C332E}.Release|Any CPU.Build.0 = Release|Any CPU
	EndGlobalSection
	GlobalSection(SolutionProperties) = preSolution
		HideSolutionNode = FALSE
	EndGlobalSection
	GlobalSection(ExtensibilityGlobals) = postSolution
		SolutionGuid = {0D0623B1-4AC8-41FD-BCAA-47C1BC863E69}
	EndGlobalSection
EndGlobal
